
Microsoft Visual Studio Solution File, Format Version 12.00
# Visual Studio Version 17
VisualStudioVersion = 17.11.35312.102
MinimumVisualStudioVersion = 10.0.40219.1
Project("{FAE04EC0-301F-11D3-BF4B-00C04F79EFBC}") = "task_2", "task_2\task_2.csproj", "{F4DA4255-0446-4F70-BA55-B07715A62FC0}"
EndProject
Project("{FAE04EC0-301F-11D3-BF4B-00C04F79EFBC}") = "task_3", "task_3\task_3.csproj", "{62D8060C-E616-44FA-A7A7-A792700AE262}"
EndProject
Project("{FAE04EC0-301F-11D3-BF4B-00C04F79EFBC}") = "task_6", "task_6\task_6.csproj", "{B1A1E965-8752-4F65-A9A9-EBA4E509AA53}"
EndProject
Global
	GlobalSection(SolutionConfigurationPlatforms) = preSolution
		Debug|Any CPU = Debug|Any CPU
		Release|Any CPU = Release|Any CPU
	EndGlobalSection
	GlobalSection(ProjectConfigurationPlatforms) = postSolution
		{F4DA4255-0446-4F70-BA55-B07715A62FC0}.Debug|Any CPU.ActiveCfg = Debug|Any CPU
		{F4DA4255-0446-4F70-BA55-B07715A62FC0}.Debug|Any CPU.Build.0 = Debug|Any CPU
		{F4DA4255-0446-4F70-BA55-B07715A62FC0}.Release|Any CPU.ActiveCfg = Release|Any CPU
		{F4DA4255-0446-4F70-BA55-B07715A62FC0}.Release|Any CPU.Build.0 = Release|Any CPU
		{62D8060C-E616-44FA-A7A7-A792700AE262}.Debug|Any CPU.ActiveCfg = Debug|Any CPU
		{62D8060C-E616-44FA-A7A7-A792700AE262}.Debug|Any CPU.Build.0 = Debug|Any CPU
		{62D8060C-E616-44FA-A7A7-A792700AE262}.Release|Any CPU.ActiveCfg = Release|Any CPU
		{62D8060C-E616-44FA-A7A7-A792700AE262}.Release|Any CPU.Build.0 = Release|Any CPU
		{B1A1E965-8752-4F65-A9A9-EBA4E509AA53}.Debug|Any CPU.ActiveCfg = Debug|Any CPU
		{B1A1E965-8752-4F65-A9A9-EBA4E509AA53}.Debug|Any CPU.Build.0 = Debug|Any CPU
		{B1A1E965-8752-4F65-A9A9-EBA4E509AA53}.Release|Any CPU.ActiveCfg = Release|Any CPU
		{B1A1E965-8752-4F65-A9A9-EBA4E509AA53}.Release|Any CPU.Build.0 = Release|Any CPU
	EndGlobalSection
	GlobalSection(SolutionProperties) = preSolution
		HideSolutionNode = FALSE
	EndGlobalSection
	GlobalSection(ExtensibilityGlobals) = postSolution
		SolutionGuid = {54E4BFC8-D707-4D2F-9367-227FF2545C00}
	EndGlobalSection
EndGlobal
