
Microsoft Visual Studio Solution File, Format Version 12.00
# Visual Studio Version 17
VisualStudioVersion = 17.11.35312.102
MinimumVisualStudioVersion = 10.0.40219.1
Project("{FAE04EC0-301F-11D3-BF4B-00C04F79EFBC}") = "task_2", "task_2\task_2.csproj", "{EA993D4C-8BCB-49A6-BF61-690B60697389}"
EndProject
Project("{FAE04EC0-301F-11D3-BF4B-00C04F79EFBC}") = "task_3", "task_3\task_3.csproj", "{C03E50CE-96A2-4DD4-8B8E-062441557941}"
EndProject
Project("{FAE04EC0-301F-11D3-BF4B-00C04F79EFBC}") = "task_4", "task_4\task_4.csproj", "{CF4556AF-0E6A-4DD9-AA3C-812E5007DE25}"
EndProject
Project("{FAE04EC0-301F-11D3-BF4B-00C04F79EFBC}") = "task_6", "task_6\task_6.csproj", "{86BC51AB-871B-4A1F-BC9F-640DC0B1A6A8}"
EndProject
Global
	GlobalSection(SolutionConfigurationPlatforms) = preSolution
		Debug|Any CPU = Debug|Any CPU
		Release|Any CPU = Release|Any CPU
	EndGlobalSection
	GlobalSection(ProjectConfigurationPlatforms) = postSolution
		{EA993D4C-8BCB-49A6-BF61-690B60697389}.Debug|Any CPU.ActiveCfg = Debug|Any CPU
		{EA993D4C-8BCB-49A6-BF61-690B60697389}.Debug|Any CPU.Build.0 = Debug|Any CPU
		{EA993D4C-8BCB-49A6-BF61-690B60697389}.Release|Any CPU.ActiveCfg = Release|Any CPU
		{EA993D4C-8BCB-49A6-BF61-690B60697389}.Release|Any CPU.Build.0 = Release|Any CPU
		{C03E50CE-96A2-4DD4-8B8E-062441557941}.Debug|Any CPU.ActiveCfg = Debug|Any CPU
		{C03E50CE-96A2-4DD4-8B8E-062441557941}.Debug|Any CPU.Build.0 = Debug|Any CPU
		{C03E50CE-96A2-4DD4-8B8E-062441557941}.Release|Any CPU.ActiveCfg = Release|Any CPU
		{C03E50CE-96A2-4DD4-8B8E-062441557941}.Release|Any CPU.Build.0 = Release|Any CPU
		{CF4556AF-0E6A-4DD9-AA3C-812E5007DE25}.Debug|Any CPU.ActiveCfg = Debug|Any CPU
		{CF4556AF-0E6A-4DD9-AA3C-812E5007DE25}.Debug|Any CPU.Build.0 = Debug|Any CPU
		{CF4556AF-0E6A-4DD9-AA3C-812E5007DE25}.Release|Any CPU.ActiveCfg = Release|Any CPU
		{CF4556AF-0E6A-4DD9-AA3C-812E5007DE25}.Release|Any CPU.Build.0 = Release|Any CPU
		{86BC51AB-871B-4A1F-BC9F-640DC0B1A6A8}.Debug|Any CPU.ActiveCfg = Debug|Any CPU
		{86BC51AB-871B-4A1F-BC9F-640DC0B1A6A8}.Debug|Any CPU.Build.0 = Debug|Any CPU
		{86BC51AB-871B-4A1F-BC9F-640DC0B1A6A8}.Release|Any CPU.ActiveCfg = Release|Any CPU
		{86BC51AB-871B-4A1F-BC9F-640DC0B1A6A8}.Release|Any CPU.Build.0 = Release|Any CPU
	EndGlobalSection
	GlobalSection(SolutionProperties) = preSolution
		HideSolutionNode = FALSE
	EndGlobalSection
	GlobalSection(ExtensibilityGlobals) = postSolution
		SolutionGuid = {5F82CCF7-7910-4CAD-9069-59522689888F}
	EndGlobalSection
EndGlobal
